{
  "name": "@farishan/basic-item",
  "version": "0.0.1",
  "lockfileVersion": 3,
  "requires": true,
  "packages": {
    "": {
      "name": "@farishan/basic-item",
      "version": "0.0.1",
      "license": "ISC",
      "dependencies": {
        "@farishan/player": "^0.1.1",
        "@farishan/script-loader": "^0.1.1"
      }
    },
    "node_modules/@farishan/player": {
      "version": "0.1.1",
      "resolved": "https://registry.npmjs.org/@farishan/player/-/player-0.1.1.tgz",
      "integrity": "sha512-5REpjsxRvnKcBh6l3FRa4ECsQmJlxHkGbqLEERDkBgTmUJw1LrzKHbboTwns7X+Po9AGuZ5dW8C6BrQ8BLYkdA=="
    },
    "node_modules/@farishan/script-loader": {
      "version": "0.1.1",
      "resolved": "https://registry.npmjs.org/@farishan/script-loader/-/script-loader-0.1.1.tgz",
      "integrity": "sha512-7OGQLSgGkE/YHoMcEWingbO3gcpTVw0tJ98v7TTlwEp7RuJgjcG9iKNyiuWfVsnAIVHsRlin2YbNRT2+nV2n0w=="
    }
  }
}
